
Microsoft Visual Studio Solution File, Format Version 12.00
# Visual Studio 14
VisualStudioVersion = 14.0.24720.0
MinimumVisualStudioVersion = 10.0.40219.1
Project("{FAE04EC0-301F-11D3-BF4B-00C04F79EFBC}") = "HelloApp.Droid", "HelloApp\HelloApp.Droid\HelloApp.Droid.csproj", "{CEFDA43C-11DD-462A-B652-C4A5F505046F}"
EndProject
Project("{FAE04EC0-301F-11D3-BF4B-00C04F79EFBC}") = "HelloApp.iOS", "HelloApp\HelloApp.iOS\HelloApp.iOS.csproj", "{27DEB561-1383-4478-BCF7-BD3FA5F9AD1F}"
EndProject
Project("{FAE04EC0-301F-11D3-BF4B-00C04F79EFBC}") = "HelloApp.UWP", "HelloApp\HelloApp.UWP\HelloApp.UWP.csproj", "{74B2F84B-8F25-41AC-9FDE-A76B43456119}"
EndProject
Project("{FAE04EC0-301F-11D3-BF4B-00C04F79EFBC}") = "HelloApp", "HelloApp\HelloApp\HelloApp.csproj", "{F943FC68-4FE8-45A8-A249-1C52D20E5C6E}"
EndProject
Global
	GlobalSection(SolutionConfigurationPlatforms) = preSolution
		Ad-Hoc|Any CPU = Ad-Hoc|Any CPU
		Ad-Hoc|ARM = Ad-Hoc|ARM
		Ad-Hoc|iPhone = Ad-Hoc|iPhone
		Ad-Hoc|iPhoneSimulator = Ad-Hoc|iPhoneSimulator
		Ad-Hoc|x64 = Ad-Hoc|x64
		Ad-Hoc|x86 = Ad-Hoc|x86
		AppStore|Any CPU = AppStore|Any CPU
		AppStore|ARM = AppStore|ARM
		AppStore|iPhone = AppStore|iPhone
		AppStore|iPhoneSimulator = AppStore|iPhoneSimulator
		AppStore|x64 = AppStore|x64
		AppStore|x86 = AppStore|x86
		Debug|Any CPU = Debug|Any CPU
		Debug|ARM = Debug|ARM
		Debug|iPhone = Debug|iPhone
		Debug|iPhoneSimulator = Debug|iPhoneSimulator
		Debug|x64 = Debug|x64
		Debug|x86 = Debug|x86
		Release|Any CPU = Release|Any CPU
		Release|ARM = Release|ARM
		Release|iPhone = Release|iPhone
		Release|iPhoneSimulator = Release|iPhoneSimulator
		Release|x64 = Release|x64
		Release|x86 = Release|x86
	EndGlobalSection
	GlobalSection(ProjectConfigurationPlatforms) = postSolution
		{CEFDA43C-11DD-462A-B652-C4A5F505046F}.Ad-Hoc|Any CPU.ActiveCfg = Release|Any CPU
		{CEFDA43C-11DD-462A-B652-C4A5F505046F}.Ad-Hoc|Any CPU.Build.0 = Release|Any CPU
		{CEFDA43C-11DD-462A-B652-C4A5F505046F}.Ad-Hoc|Any CPU.Deploy.0 = Release|Any CPU
		{CEFDA43C-11DD-462A-B652-C4A5F505046F}.Ad-Hoc|ARM.ActiveCfg = Release|Any CPU
		{CEFDA43C-11DD-462A-B652-C4A5F505046F}.Ad-Hoc|ARM.Build.0 = Release|Any CPU
		{CEFDA43C-11DD-462A-B652-C4A5F505046F}.Ad-Hoc|ARM.Deploy.0 = Release|Any CPU
		{CEFDA43C-11DD-462A-B652-C4A5F505046F}.Ad-Hoc|iPhone.ActiveCfg = Release|Any CPU
		{CEFDA43C-11DD-462A-B652-C4A5F505046F}.Ad-Hoc|iPhone.Build.0 = Release|Any CPU
		{CEFDA43C-11DD-462A-B652-C4A5F505046F}.Ad-Hoc|iPhone.Deploy.0 = Release|Any CPU
		{CEFDA43C-11DD-462A-B652-C4A5F505046F}.Ad-Hoc|iPhoneSimulator.ActiveCfg = Release|Any CPU
		{CEFDA43C-11DD-462A-B652-C4A5F505046F}.Ad-Hoc|iPhoneSimulator.Build.0 = Release|Any CPU
		{CEFDA43C-11DD-462A-B652-C4A5F505046F}.Ad-Hoc|iPhoneSimulator.Deploy.0 = Release|Any CPU
		{CEFDA43C-11DD-462A-B652-C4A5F505046F}.Ad-Hoc|x64.ActiveCfg = Release|Any CPU
		{CEFDA43C-11DD-462A-B652-C4A5F505046F}.Ad-Hoc|x64.Build.0 = Release|Any CPU
		{CEFDA43C-11DD-462A-B652-C4A5F505046F}.Ad-Hoc|x64.Deploy.0 = Release|Any CPU
		{CEFDA43C-11DD-462A-B652-C4A5F505046F}.Ad-Hoc|x86.ActiveCfg = Release|Any CPU
		{CEFDA43C-11DD-462A-B652-C4A5F505046F}.Ad-Hoc|x86.Build.0 = Release|Any CPU
		{CEFDA43C-11DD-462A-B652-C4A5F505046F}.Ad-Hoc|x86.Deploy.0 = Release|Any CPU
		{CEFDA43C-11DD-462A-B652-C4A5F505046F}.AppStore|Any CPU.ActiveCfg = Release|Any CPU
		{CEFDA43C-11DD-462A-B652-C4A5F505046F}.AppStore|Any CPU.Build.0 = Release|Any CPU
		{CEFDA43C-11DD-462A-B652-C4A5F505046F}.AppStore|Any CPU.Deploy.0 = Release|Any CPU
		{CEFDA43C-11DD-462A-B652-C4A5F505046F}.AppStore|ARM.ActiveCfg = Release|Any CPU
		{CEFDA43C-11DD-462A-B652-C4A5F505046F}.AppStore|ARM.Build.0 = Release|Any CPU
		{CEFDA43C-11DD-462A-B652-C4A5F505046F}.AppStore|ARM.Deploy.0 = Release|Any CPU
		{CEFDA43C-11DD-462A-B652-C4A5F505046F}.AppStore|iPhone.ActiveCfg = Release|Any CPU
		{CEFDA43C-11DD-462A-B652-C4A5F505046F}.AppStore|iPhone.Build.0 = Release|Any CPU
		{CEFDA43C-11DD-462A-B652-C4A5F505046F}.AppStore|iPhone.Deploy.0 = Release|Any CPU
		{CEFDA43C-11DD-462A-B652-C4A5F505046F}.AppStore|iPhoneSimulator.ActiveCfg = Release|Any CPU
		{CEFDA43C-11DD-462A-B652-C4A5F505046F}.AppStore|iPhoneSimulator.Build.0 = Release|Any CPU
		{CEFDA43C-11DD-462A-B652-C4A5F505046F}.AppStore|iPhoneSimulator.Deploy.0 = Release|Any CPU
		{CEFDA43C-11DD-462A-B652-C4A5F505046F}.AppStore|x64.ActiveCfg = Release|Any CPU
		{CEFDA43C-11DD-462A-B652-C4A5F505046F}.AppStore|x64.Build.0 = Release|Any CPU
		{CEFDA43C-11DD-462A-B652-C4A5F505046F}.AppStore|x64.Deploy.0 = Release|Any CPU
		{CEFDA43C-11DD-462A-B652-C4A5F505046F}.AppStore|x86.ActiveCfg = Release|Any CPU
		{CEFDA43C-11DD-462A-B652-C4A5F505046F}.AppStore|x86.Build.0 = Release|Any CPU
		{CEFDA43C-11DD-462A-B652-C4A5F505046F}.AppStore|x86.Deploy.0 = Release|Any CPU
		{CEFDA43C-11DD-462A-B652-C4A5F505046F}.Debug|Any CPU.ActiveCfg = Debug|Any CPU
		{CEFDA43C-11DD-462A-B652-C4A5F505046F}.Debug|Any CPU.Build.0 = Debug|Any CPU
		{CEFDA43C-11DD-462A-B652-C4A5F505046F}.Debug|Any CPU.Deploy.0 = Debug|Any CPU
		{CEFDA43C-11DD-462A-B652-C4A5F505046F}.Debug|ARM.ActiveCfg = Debug|Any CPU
		{CEFDA43C-11DD-462A-B652-C4A5F505046F}.Debug|ARM.Build.0 = Debug|Any CPU
		{CEFDA43C-11DD-462A-B652-C4A5F505046F}.Debug|ARM.Deploy.0 = Debug|Any CPU
		{CEFDA43C-11DD-462A-B652-C4A5F505046F}.Debug|iPhone.ActiveCfg = Debug|Any CPU
		{CEFDA43C-11DD-462A-B652-C4A5F505046F}.Debug|iPhone.Build.0 = Debug|Any CPU
		{CEFDA43C-11DD-462A-B652-C4A5F505046F}.Debug|iPhone.Deploy.0 = Debug|Any CPU
		{CEFDA43C-11DD-462A-B652-C4A5F505046F}.Debug|iPhoneSimulator.ActiveCfg = Debug|Any CPU
		{CEFDA43C-11DD-462A-B652-C4A5F505046F}.Debug|iPhoneSimulator.Build.0 = Debug|Any CPU
		{CEFDA43C-11DD-462A-B652-C4A5F505046F}.Debug|iPhoneSimulator.Deploy.0 = Debug|Any CPU
		{CEFDA43C-11DD-462A-B652-C4A5F505046F}.Debug|x64.ActiveCfg = Debug|Any CPU
		{CEFDA43C-11DD-462A-B652-C4A5F505046F}.Debug|x64.Build.0 = Debug|Any CPU
		{CEFDA43C-11DD-462A-B652-C4A5F505046F}.Debug|x64.Deploy.0 = Debug|Any CPU
		{CEFDA43C-11DD-462A-B652-C4A5F505046F}.Debug|x86.ActiveCfg = Debug|Any CPU
		{CEFDA43C-11DD-462A-B652-C4A5F505046F}.Debug|x86.Build.0 = Debug|Any CPU
		{CEFDA43C-11DD-462A-B652-C4A5F505046F}.Debug|x86.Deploy.0 = Debug|Any CPU
		{CEFDA43C-11DD-462A-B652-C4A5F505046F}.Release|Any CPU.ActiveCfg = Release|Any CPU
		{CEFDA43C-11DD-462A-B652-C4A5F505046F}.Release|Any CPU.Build.0 = Release|Any CPU
		{CEFDA43C-11DD-462A-B652-C4A5F505046F}.Release|Any CPU.Deploy.0 = Release|Any CPU
		{CEFDA43C-11DD-462A-B652-C4A5F505046F}.Release|ARM.ActiveCfg = Release|Any CPU
		{CEFDA43C-11DD-462A-B652-C4A5F505046F}.Release|ARM.Build.0 = Release|Any CPU
		{CEFDA43C-11DD-462A-B652-C4A5F505046F}.Release|ARM.Deploy.0 = Release|Any CPU
		{CEFDA43C-11DD-462A-B652-C4A5F505046F}.Release|iPhone.ActiveCfg = Release|Any CPU
		{CEFDA43C-11DD-462A-B652-C4A5F505046F}.Release|iPhone.Build.0 = Release|Any CPU
		{CEFDA43C-11DD-462A-B652-C4A5F505046F}.Release|iPhone.Deploy.0 = Release|Any CPU
		{CEFDA43C-11DD-462A-B652-C4A5F505046F}.Release|iPhoneSimulator.ActiveCfg = Release|Any CPU
		{CEFDA43C-11DD-462A-B652-C4A5F505046F}.Release|iPhoneSimulator.Build.0 = Release|Any CPU
		{CEFDA43C-11DD-462A-B652-C4A5F505046F}.Release|iPhoneSimulator.Deploy.0 = Release|Any CPU
		{CEFDA43C-11DD-462A-B652-C4A5F505046F}.Release|x64.ActiveCfg = Release|Any CPU
		{CEFDA43C-11DD-462A-B652-C4A5F505046F}.Release|x64.Build.0 = Release|Any CPU
		{CEFDA43C-11DD-462A-B652-C4A5F505046F}.Release|x64.Deploy.0 = Release|Any CPU
		{CEFDA43C-11DD-462A-B652-C4A5F505046F}.Release|x86.ActiveCfg = Release|Any CPU
		{CEFDA43C-11DD-462A-B652-C4A5F505046F}.Release|x86.Build.0 = Release|Any CPU
		{CEFDA43C-11DD-462A-B652-C4A5F505046F}.Release|x86.Deploy.0 = Release|Any CPU
		{27DEB561-1383-4478-BCF7-BD3FA5F9AD1F}.Ad-Hoc|Any CPU.ActiveCfg = Ad-Hoc|iPhone
		{27DEB561-1383-4478-BCF7-BD3FA5F9AD1F}.Ad-Hoc|ARM.ActiveCfg = Ad-Hoc|iPhone
		{27DEB561-1383-4478-BCF7-BD3FA5F9AD1F}.Ad-Hoc|iPhone.ActiveCfg = Ad-Hoc|iPhone
		{27DEB561-1383-4478-BCF7-BD3FA5F9AD1F}.Ad-Hoc|iPhone.Build.0 = Ad-Hoc|iPhone
		{27DEB561-1383-4478-BCF7-BD3FA5F9AD1F}.Ad-Hoc|iPhoneSimulator.ActiveCfg = Ad-Hoc|iPhoneSimulator
		{27DEB561-1383-4478-BCF7-BD3FA5F9AD1F}.Ad-Hoc|iPhoneSimulator.Build.0 = Ad-Hoc|iPhoneSimulator
		{27DEB561-1383-4478-BCF7-BD3FA5F9AD1F}.Ad-Hoc|x64.ActiveCfg = Ad-Hoc|iPhone
		{27DEB561-1383-4478-BCF7-BD3FA5F9AD1F}.Ad-Hoc|x86.ActiveCfg = Ad-Hoc|iPhone
		{27DEB561-1383-4478-BCF7-BD3FA5F9AD1F}.AppStore|Any CPU.ActiveCfg = AppStore|iPhone
		{27DEB561-1383-4478-BCF7-BD3FA5F9AD1F}.AppStore|ARM.ActiveCfg = AppStore|iPhone
		{27DEB561-1383-4478-BCF7-BD3FA5F9AD1F}.AppStore|iPhone.ActiveCfg = AppStore|iPhone
		{27DEB561-1383-4478-BCF7-BD3FA5F9AD1F}.AppStore|iPhone.Build.0 = AppStore|iPhone
		{27DEB561-1383-4478-BCF7-BD3FA5F9AD1F}.AppStore|iPhoneSimulator.ActiveCfg = AppStore|iPhoneSimulator
		{27DEB561-1383-4478-BCF7-BD3FA5F9AD1F}.AppStore|iPhoneSimulator.Build.0 = AppStore|iPhoneSimulator
		{27DEB561-1383-4478-BCF7-BD3FA5F9AD1F}.AppStore|x64.ActiveCfg = AppStore|iPhone
		{27DEB561-1383-4478-BCF7-BD3FA5F9AD1F}.AppStore|x86.ActiveCfg = AppStore|iPhone
		{27DEB561-1383-4478-BCF7-BD3FA5F9AD1F}.Debug|Any CPU.ActiveCfg = Debug|iPhoneSimulator
		{27DEB561-1383-4478-BCF7-BD3FA5F9AD1F}.Debug|Any CPU.Build.0 = Debug|iPhoneSimulator
		{27DEB561-1383-4478-BCF7-BD3FA5F9AD1F}.Debug|ARM.ActiveCfg = Debug|iPhone
		{27DEB561-1383-4478-BCF7-BD3FA5F9AD1F}.Debug|iPhone.ActiveCfg = Debug|iPhone
		{27DEB561-1383-4478-BCF7-BD3FA5F9AD1F}.Debug|iPhone.Build.0 = Debug|iPhone
		{27DEB561-1383-4478-BCF7-BD3FA5F9AD1F}.Debug|iPhoneSimulator.ActiveCfg = Debug|iPhoneSimulator
		{27DEB561-1383-4478-BCF7-BD3FA5F9AD1F}.Debug|iPhoneSimulator.Build.0 = Debug|iPhoneSimulator
		{27DEB561-1383-4478-BCF7-BD3FA5F9AD1F}.Debug|x64.ActiveCfg = Debug|iPhone
		{27DEB561-1383-4478-BCF7-BD3FA5F9AD1F}.Debug|x86.ActiveCfg = Debug|iPhone
		{27DEB561-1383-4478-BCF7-BD3FA5F9AD1F}.Release|Any CPU.ActiveCfg = Release|iPhone
		{27DEB561-1383-4478-BCF7-BD3FA5F9AD1F}.Release|ARM.ActiveCfg = Release|iPhone
		{27DEB561-1383-4478-BCF7-BD3FA5F9AD1F}.Release|iPhone.ActiveCfg = Release|iPhone
		{27DEB561-1383-4478-BCF7-BD3FA5F9AD1F}.Release|iPhone.Build.0 = Release|iPhone
		{27DEB561-1383-4478-BCF7-BD3FA5F9AD1F}.Release|iPhoneSimulator.ActiveCfg = Release|iPhoneSimulator
		{27DEB561-1383-4478-BCF7-BD3FA5F9AD1F}.Release|iPhoneSimulator.Build.0 = Release|iPhoneSimulator
		{27DEB561-1383-4478-BCF7-BD3FA5F9AD1F}.Release|x64.ActiveCfg = Release|iPhone
		{27DEB561-1383-4478-BCF7-BD3FA5F9AD1F}.Release|x86.ActiveCfg = Release|iPhone
		{74B2F84B-8F25-41AC-9FDE-A76B43456119}.Ad-Hoc|Any CPU.ActiveCfg = Release|x86
		{74B2F84B-8F25-41AC-9FDE-A76B43456119}.Ad-Hoc|Any CPU.Build.0 = Release|x86
		{74B2F84B-8F25-41AC-9FDE-A76B43456119}.Ad-Hoc|Any CPU.Deploy.0 = Release|x86
		{74B2F84B-8F25-41AC-9FDE-A76B43456119}.Ad-Hoc|ARM.ActiveCfg = Release|ARM
		{74B2F84B-8F25-41AC-9FDE-A76B43456119}.Ad-Hoc|ARM.Build.0 = Release|ARM
		{74B2F84B-8F25-41AC-9FDE-A76B43456119}.Ad-Hoc|ARM.Deploy.0 = Release|ARM
		{74B2F84B-8F25-41AC-9FDE-A76B43456119}.Ad-Hoc|iPhone.ActiveCfg = Release|x86
		{74B2F84B-8F25-41AC-9FDE-A76B43456119}.Ad-Hoc|iPhone.Build.0 = Release|x86
		{74B2F84B-8F25-41AC-9FDE-A76B43456119}.Ad-Hoc|iPhone.Deploy.0 = Release|x86
		{74B2F84B-8F25-41AC-9FDE-A76B43456119}.Ad-Hoc|iPhoneSimulator.ActiveCfg = Release|x86
		{74B2F84B-8F25-41AC-9FDE-A76B43456119}.Ad-Hoc|iPhoneSimulator.Build.0 = Release|x86
		{74B2F84B-8F25-41AC-9FDE-A76B43456119}.Ad-Hoc|iPhoneSimulator.Deploy.0 = Release|x86
		{74B2F84B-8F25-41AC-9FDE-A76B43456119}.Ad-Hoc|x64.ActiveCfg = Release|x64
		{74B2F84B-8F25-41AC-9FDE-A76B43456119}.Ad-Hoc|x64.Build.0 = Release|x64
		{74B2F84B-8F25-41AC-9FDE-A76B43456119}.Ad-Hoc|x64.Deploy.0 = Release|x64
		{74B2F84B-8F25-41AC-9FDE-A76B43456119}.Ad-Hoc|x86.ActiveCfg = Release|x86
		{74B2F84B-8F25-41AC-9FDE-A76B43456119}.Ad-Hoc|x86.Build.0 = Release|x86
		{74B2F84B-8F25-41AC-9FDE-A76B43456119}.Ad-Hoc|x86.Deploy.0 = Release|x86
		{74B2F84B-8F25-41AC-9FDE-A76B43456119}.AppStore|Any CPU.ActiveCfg = Release|x86
		{74B2F84B-8F25-41AC-9FDE-A76B43456119}.AppStore|Any CPU.Build.0 = Release|x86
		{74B2F84B-8F25-41AC-9FDE-A76B43456119}.AppStore|Any CPU.Deploy.0 = Release|x86
		{74B2F84B-8F25-41AC-9FDE-A76B43456119}.AppStore|ARM.ActiveCfg = Release|ARM
		{74B2F84B-8F25-41AC-9FDE-A76B43456119}.AppStore|ARM.Build.0 = Release|ARM
		{74B2F84B-8F25-41AC-9FDE-A76B43456119}.AppStore|ARM.Deploy.0 = Release|ARM
		{74B2F84B-8F25-41AC-9FDE-A76B43456119}.AppStore|iPhone.ActiveCfg = Release|x86
		{74B2F84B-8F25-41AC-9FDE-A76B43456119}.AppStore|iPhone.Build.0 = Release|x86
		{74B2F84B-8F25-41AC-9FDE-A76B43456119}.AppStore|iPhone.Deploy.0 = Release|x86
		{74B2F84B-8F25-41AC-9FDE-A76B43456119}.AppStore|iPhoneSimulator.ActiveCfg = Release|x86
		{74B2F84B-8F25-41AC-9FDE-A76B43456119}.AppStore|iPhoneSimulator.Build.0 = Release|x86
		{74B2F84B-8F25-41AC-9FDE-A76B43456119}.AppStore|iPhoneSimulator.Deploy.0 = Release|x86
		{74B2F84B-8F25-41AC-9FDE-A76B43456119}.AppStore|x64.ActiveCfg = Release|x64
		{74B2F84B-8F25-41AC-9FDE-A76B43456119}.AppStore|x64.Build.0 = Release|x64
		{74B2F84B-8F25-41AC-9FDE-A76B43456119}.AppStore|x64.Deploy.0 = Release|x64
		{74B2F84B-8F25-41AC-9FDE-A76B43456119}.AppStore|x86.ActiveCfg = Release|x86
		{74B2F84B-8F25-41AC-9FDE-A76B43456119}.AppStore|x86.Build.0 = Release|x86
		{74B2F84B-8F25-41AC-9FDE-A76B43456119}.AppStore|x86.Deploy.0 = Release|x86
		{74B2F84B-8F25-41AC-9FDE-A76B43456119}.Debug|Any CPU.ActiveCfg = Debug|x86
		{74B2F84B-8F25-41AC-9FDE-A76B43456119}.Debug|Any CPU.Build.0 = Debug|x86
		{74B2F84B-8F25-41AC-9FDE-A76B43456119}.Debug|Any CPU.Deploy.0 = Debug|x86
		{74B2F84B-8F25-41AC-9FDE-A76B43456119}.Debug|ARM.ActiveCfg = Debug|ARM
		{74B2F84B-8F25-41AC-9FDE-A76B43456119}.Debug|ARM.Build.0 = Debug|ARM
		{74B2F84B-8F25-41AC-9FDE-A76B43456119}.Debug|ARM.Deploy.0 = Debug|ARM
		{74B2F84B-8F25-41AC-9FDE-A76B43456119}.Debug|iPhone.ActiveCfg = Debug|x86
		{74B2F84B-8F25-41AC-9FDE-A76B43456119}.Debug|iPhoneSimulator.ActiveCfg = Debug|x86
		{74B2F84B-8F25-41AC-9FDE-A76B43456119}.Debug|iPhoneSimulator.Build.0 = Debug|x86
		{74B2F84B-8F25-41AC-9FDE-A76B43456119}.Debug|iPhoneSimulator.Deploy.0 = Debug|x86
		{74B2F84B-8F25-41AC-9FDE-A76B43456119}.Debug|x64.ActiveCfg = Debug|x64
		{74B2F84B-8F25-41AC-9FDE-A76B43456119}.Debug|x64.Build.0 = Debug|x64
		{74B2F84B-8F25-41AC-9FDE-A76B43456119}.Debug|x64.Deploy.0 = Debug|x64
		{74B2F84B-8F25-41AC-9FDE-A76B43456119}.Debug|x86.ActiveCfg = Debug|x86
		{74B2F84B-8F25-41AC-9FDE-A76B43456119}.Debug|x86.Build.0 = Debug|x86
		{74B2F84B-8F25-41AC-9FDE-A76B43456119}.Debug|x86.Deploy.0 = Debug|x86
		{74B2F84B-8F25-41AC-9FDE-A76B43456119}.Release|Any CPU.ActiveCfg = Release|x86
		{74B2F84B-8F25-41AC-9FDE-A76B43456119}.Release|ARM.ActiveCfg = Release|ARM
		{74B2F84B-8F25-41AC-9FDE-A76B43456119}.Release|ARM.Build.0 = Release|ARM
		{74B2F84B-8F25-41AC-9FDE-A76B43456119}.Release|ARM.Deploy.0 = Release|ARM
		{74B2F84B-8F25-41AC-9FDE-A76B43456119}.Release|iPhone.ActiveCfg = Release|x86
		{74B2F84B-8F25-41AC-9FDE-A76B43456119}.Release|iPhoneSimulator.ActiveCfg = Release|x86
		{74B2F84B-8F25-41AC-9FDE-A76B43456119}.Release|x64.ActiveCfg = Release|x64
		{74B2F84B-8F25-41AC-9FDE-A76B43456119}.Release|x64.Build.0 = Release|x64
		{74B2F84B-8F25-41AC-9FDE-A76B43456119}.Release|x64.Deploy.0 = Release|x64
		{74B2F84B-8F25-41AC-9FDE-A76B43456119}.Release|x86.ActiveCfg = Release|x86
		{74B2F84B-8F25-41AC-9FDE-A76B43456119}.Release|x86.Build.0 = Release|x86
		{74B2F84B-8F25-41AC-9FDE-A76B43456119}.Release|x86.Deploy.0 = Release|x86
		{F943FC68-4FE8-45A8-A249-1C52D20E5C6E}.Ad-Hoc|Any CPU.ActiveCfg = Release|Any CPU
		{F943FC68-4FE8-45A8-A249-1C52D20E5C6E}.Ad-Hoc|Any CPU.Build.0 = Release|Any CPU
		{F943FC68-4FE8-45A8-A249-1C52D20E5C6E}.Ad-Hoc|ARM.ActiveCfg = Release|Any CPU
		{F943FC68-4FE8-45A8-A249-1C52D20E5C6E}.Ad-Hoc|ARM.Build.0 = Release|Any CPU
		{F943FC68-4FE8-45A8-A249-1C52D20E5C6E}.Ad-Hoc|iPhone.ActiveCfg = Release|Any CPU
		{F943FC68-4FE8-45A8-A249-1C52D20E5C6E}.Ad-Hoc|iPhone.Build.0 = Release|Any CPU
		{F943FC68-4FE8-45A8-A249-1C52D20E5C6E}.Ad-Hoc|iPhoneSimulator.ActiveCfg = Release|Any CPU
		{F943FC68-4FE8-45A8-A249-1C52D20E5C6E}.Ad-Hoc|iPhoneSimulator.Build.0 = Release|Any CPU
		{F943FC68-4FE8-45A8-A249-1C52D20E5C6E}.Ad-Hoc|x64.ActiveCfg = Release|Any CPU
		{F943FC68-4FE8-45A8-A249-1C52D20E5C6E}.Ad-Hoc|x64.Build.0 = Release|Any CPU
		{F943FC68-4FE8-45A8-A249-1C52D20E5C6E}.Ad-Hoc|x86.ActiveCfg = Release|Any CPU
		{F943FC68-4FE8-45A8-A249-1C52D20E5C6E}.Ad-Hoc|x86.Build.0 = Release|Any CPU
		{F943FC68-4FE8-45A8-A249-1C52D20E5C6E}.AppStore|Any CPU.ActiveCfg = Release|Any CPU
		{F943FC68-4FE8-45A8-A249-1C52D20E5C6E}.AppStore|Any CPU.Build.0 = Release|Any CPU
		{F943FC68-4FE8-45A8-A249-1C52D20E5C6E}.AppStore|ARM.ActiveCfg = Release|Any CPU
		{F943FC68-4FE8-45A8-A249-1C52D20E5C6E}.AppStore|ARM.Build.0 = Release|Any CPU
		{F943FC68-4FE8-45A8-A249-1C52D20E5C6E}.AppStore|iPhone.ActiveCfg = Release|Any CPU
		{F943FC68-4FE8-45A8-A249-1C52D20E5C6E}.AppStore|iPhone.Build.0 = Release|Any CPU
		{F943FC68-4FE8-45A8-A249-1C52D20E5C6E}.AppStore|iPhoneSimulator.ActiveCfg = Release|Any CPU
		{F943FC68-4FE8-45A8-A249-1C52D20E5C6E}.AppStore|iPhoneSimulator.Build.0 = Release|Any CPU
		{F943FC68-4FE8-45A8-A249-1C52D20E5C6E}.AppStore|x64.ActiveCfg = Release|Any CPU
		{F943FC68-4FE8-45A8-A249-1C52D20E5C6E}.AppStore|x64.Build.0 = Release|Any CPU
		{F943FC68-4FE8-45A8-A249-1C52D20E5C6E}.AppStore|x86.ActiveCfg = Release|Any CPU
		{F943FC68-4FE8-45A8-A249-1C52D20E5C6E}.AppStore|x86.Build.0 = Release|Any CPU
		{F943FC68-4FE8-45A8-A249-1C52D20E5C6E}.Debug|Any CPU.ActiveCfg = Debug|Any CPU
		{F943FC68-4FE8-45A8-A249-1C52D20E5C6E}.Debug|Any CPU.Build.0 = Debug|Any CPU
		{F943FC68-4FE8-45A8-A249-1C52D20E5C6E}.Debug|ARM.ActiveCfg = Debug|Any CPU
		{F943FC68-4FE8-45A8-A249-1C52D20E5C6E}.Debug|ARM.Build.0 = Debug|Any CPU
		{F943FC68-4FE8-45A8-A249-1C52D20E5C6E}.Debug|iPhone.ActiveCfg = Debug|Any CPU
		{F943FC68-4FE8-45A8-A249-1C52D20E5C6E}.Debug|iPhone.Build.0 = Debug|Any CPU
		{F943FC68-4FE8-45A8-A249-1C52D20E5C6E}.Debug|iPhoneSimulator.ActiveCfg = Debug|Any CPU
		{F943FC68-4FE8-45A8-A249-1C52D20E5C6E}.Debug|iPhoneSimulator.Build.0 = Debug|Any CPU
		{F943FC68-4FE8-45A8-A249-1C52D20E5C6E}.Debug|x64.ActiveCfg = Debug|Any CPU
		{F943FC68-4FE8-45A8-A249-1C52D20E5C6E}.Debug|x64.Build.0 = Debug|Any CPU
		{F943FC68-4FE8-45A8-A249-1C52D20E5C6E}.Debug|x86.ActiveCfg = Debug|Any CPU
		{F943FC68-4FE8-45A8-A249-1C52D20E5C6E}.Debug|x86.Build.0 = Debug|Any CPU
		{F943FC68-4FE8-45A8-A249-1C52D20E5C6E}.Release|Any CPU.ActiveCfg = Release|Any CPU
		{F943FC68-4FE8-45A8-A249-1C52D20E5C6E}.Release|Any CPU.Build.0 = Release|Any CPU
		{F943FC68-4FE8-45A8-A249-1C52D20E5C6E}.Release|ARM.ActiveCfg = Release|Any CPU
		{F943FC68-4FE8-45A8-A249-1C52D20E5C6E}.Release|ARM.Build.0 = Release|Any CPU
		{F943FC68-4FE8-45A8-A249-1C52D20E5C6E}.Release|iPhone.ActiveCfg = Release|Any CPU
		{F943FC68-4FE8-45A8-A249-1C52D20E5C6E}.Release|iPhone.Build.0 = Release|Any CPU
		{F943FC68-4FE8-45A8-A249-1C52D20E5C6E}.Release|iPhoneSimulator.ActiveCfg = Release|Any CPU
		{F943FC68-4FE8-45A8-A249-1C52D20E5C6E}.Release|iPhoneSimulator.Build.0 = Release|Any CPU
		{F943FC68-4FE8-45A8-A249-1C52D20E5C6E}.Release|x64.ActiveCfg = Release|Any CPU
		{F943FC68-4FE8-45A8-A249-1C52D20E5C6E}.Release|x64.Build.0 = Release|Any CPU
		{F943FC68-4FE8-45A8-A249-1C52D20E5C6E}.Release|x86.ActiveCfg = Release|Any CPU
		{F943FC68-4FE8-45A8-A249-1C52D20E5C6E}.Release|x86.Build.0 = Release|Any CPU
	EndGlobalSection
	GlobalSection(SolutionProperties) = preSolution
		HideSolutionNode = FALSE
	EndGlobalSection
EndGlobal
